// !$*UTF8*$!
{
	archiveVersion = 1;
	classes = {
	};
	objectVersion = 50;
	objects = {

/* Begin PBXBuildFile section */
		14BE4DF425320EF800405C78 /* CoolButton.swift in Sources */ = {isa = PBXBuildFile; fileRef = 14BE4DF325320EF800405C78 /* CoolButton.swift */; };
		14BE4DF725320F7D00405C78 /* Drawing.swift in Sources */ = {isa = PBXBuildFile; fileRef = 14BE4DF625320F7D00405C78 /* Drawing.swift */; };
		14BE4DFB2532D7D000405C78 /* MainTabBar.swift in Sources */ = {isa = PBXBuildFile; fileRef = 14BE4DFA2532D7D000405C78 /* MainTabBar.swift */; };
		14BE4DFF2532E6F200405C78 /* MInfoViewController.swift in Sources */ = {isa = PBXBuildFile; fileRef = 14BE4DFE2532E6F200405C78 /* MInfoViewController.swift */; };
		14BE4E022532EBEF00405C78 /* MTransferViewController.swift in Sources */ = {isa = PBXBuildFile; fileRef = 14BE4E012532EBEF00405C78 /* MTransferViewController.swift */; };
		14E2E68B2531B27700FF9F49 /* AppDelegate.swift in Sources */ = {isa = PBXBuildFile; fileRef = 14E2E68A2531B27700FF9F49 /* AppDelegate.swift */; };
		14E2E68D2531B27700FF9F49 /* SceneDelegate.swift in Sources */ = {isa = PBXBuildFile; fileRef = 14E2E68C2531B27700FF9F49 /* SceneDelegate.swift */; };
		14E2E68F2531B27700FF9F49 /* LandingViewController.swift in Sources */ = {isa = PBXBuildFile; fileRef = 14E2E68E2531B27700FF9F49 /* LandingViewController.swift */; };
		14E2E6942531B27D00FF9F49 /* Assets.xcassets in Resources */ = {isa = PBXBuildFile; fileRef = 14E2E6932531B27D00FF9F49 /* Assets.xcassets */; };
		14E2E6972531B27D00FF9F49 /* LaunchScreen.storyboard in Resources */ = {isa = PBXBuildFile; fileRef = 14E2E6952531B27D00FF9F49 /* LaunchScreen.storyboard */; };
		14E2E6A02531B2B400FF9F49 /* Main.storyboard in Resources */ = {isa = PBXBuildFile; fileRef = 14E2E69F2531B2B400FF9F49 /* Main.storyboard */; };
		14E2E6A62531B4ED00FF9F49 /* PropertiesModel.swift in Sources */ = {isa = PBXBuildFile; fileRef = 14E2E6A52531B4ED00FF9F49 /* PropertiesModel.swift */; };
		14E2E6AC2531C5DA00FF9F49 /* UserModel.swift in Sources */ = {isa = PBXBuildFile; fileRef = 14E2E6AB2531C5DA00FF9F49 /* UserModel.swift */; };
		14EF40F32531C9170026E575 /* DatabaseBrain.swift in Sources */ = {isa = PBXBuildFile; fileRef = 14EF40F22531C9170026E575 /* DatabaseBrain.swift */; };
		14EF40FA2531F45D0026E575 /* ButtonTableViewCell.swift in Sources */ = {isa = PBXBuildFile; fileRef = 14EF40F82531F45D0026E575 /* ButtonTableViewCell.swift */; };
		14EF40FB2531F45D0026E575 /* ButtonTableViewCell.xib in Resources */ = {isa = PBXBuildFile; fileRef = 14EF40F92531F45D0026E575 /* ButtonTableViewCell.xib */; };
		14EF4100253200DD0026E575 /* HomeViewController.swift in Sources */ = {isa = PBXBuildFile; fileRef = 14EF40FF253200DD0026E575 /* HomeViewController.swift */; };
/* End PBXBuildFile section */

/* Begin PBXFileReference section */
		14BE4DF325320EF800405C78 /* CoolButton.swift */ = {isa = PBXFileReference; lastKnownFileType = sourcecode.swift; path = CoolButton.swift; sourceTree = "<group>"; };
		14BE4DF625320F7D00405C78 /* Drawing.swift */ = {isa = PBXFileReference; lastKnownFileType = sourcecode.swift; path = Drawing.swift; sourceTree = "<group>"; };
		14BE4DFA2532D7D000405C78 /* MainTabBar.swift */ = {isa = PBXFileReference; lastKnownFileType = sourcecode.swift; path = MainTabBar.swift; sourceTree = "<group>"; };
		14BE4DFE2532E6F200405C78 /* MInfoViewController.swift */ = {isa = PBXFileReference; lastKnownFileType = sourcecode.swift; path = MInfoViewController.swift; sourceTree = "<group>"; };
		14BE4E012532EBEF00405C78 /* MTransferViewController.swift */ = {isa = PBXFileReference; lastKnownFileType = sourcecode.swift; path = MTransferViewController.swift; sourceTree = "<group>"; };
		14E2E6872531B27700FF9F49 /* BCAMobileSwift-IOS14.app */ = {isa = PBXFileReference; explicitFileType = wrapper.application; includeInIndex = 0; path = "BCAMobileSwift-IOS14.app"; sourceTree = BUILT_PRODUCTS_DIR; };
		14E2E68A2531B27700FF9F49 /* AppDelegate.swift */ = {isa = PBXFileReference; lastKnownFileType = sourcecode.swift; path = AppDelegate.swift; sourceTree = "<group>"; };
		14E2E68C2531B27700FF9F49 /* SceneDelegate.swift */ = {isa = PBXFileReference; lastKnownFileType = sourcecode.swift; path = SceneDelegate.swift; sourceTree = "<group>"; };
		14E2E68E2531B27700FF9F49 /* LandingViewController.swift */ = {isa = PBXFileReference; lastKnownFileType = sourcecode.swift; path = LandingViewController.swift; sourceTree = "<group>"; };
		14E2E6932531B27D00FF9F49 /* Assets.xcassets */ = {isa = PBXFileReference; lastKnownFileType = folder.assetcatalog; path = Assets.xcassets; sourceTree = "<group>"; };
		14E2E6962531B27D00FF9F49 /* Base */ = {isa = PBXFileReference; lastKnownFileType = file.storyboard; name = Base; path = Base.lproj/LaunchScreen.storyboard; sourceTree = "<group>"; };
		14E2E6982531B27D00FF9F49 /* Info.plist */ = {isa = PBXFileReference; lastKnownFileType = text.plist.xml; path = Info.plist; sourceTree = "<group>"; };
		14E2E69F2531B2B400FF9F49 /* Main.storyboard */ = {isa = PBXFileReference; fileEncoding = 4; lastKnownFileType = file.storyboard; path = Main.storyboard; sourceTree = "<group>"; };
		14E2E6A52531B4ED00FF9F49 /* PropertiesModel.swift */ = {isa = PBXFileReference; lastKnownFileType = sourcecode.swift; path = PropertiesModel.swift; sourceTree = "<group>"; };
		14E2E6AB2531C5DA00FF9F49 /* UserModel.swift */ = {isa = PBXFileReference; lastKnownFileType = sourcecode.swift; path = UserModel.swift; sourceTree = "<group>"; };
		14EF40F22531C9170026E575 /* DatabaseBrain.swift */ = {isa = PBXFileReference; lastKnownFileType = sourcecode.swift; path = DatabaseBrain.swift; sourceTree = "<group>"; };
		14EF40F82531F45D0026E575 /* ButtonTableViewCell.swift */ = {isa = PBXFileReference; lastKnownFileType = sourcecode.swift; path = ButtonTableViewCell.swift; sourceTree = "<group>"; };
		14EF40F92531F45D0026E575 /* ButtonTableViewCell.xib */ = {isa = PBXFileReference; lastKnownFileType = file.xib; path = ButtonTableViewCell.xib; sourceTree = "<group>"; };
		14EF40FF253200DD0026E575 /* HomeViewController.swift */ = {isa = PBXFileReference; lastKnownFileType = sourcecode.swift; path = HomeViewController.swift; sourceTree = "<group>"; };
/* End PBXFileReference section */

/* Begin PBXFrameworksBuildPhase section */
		14E2E6842531B27700FF9F49 /* Frameworks */ = {
			isa = PBXFrameworksBuildPhase;
			buildActionMask = 2147483647;
			files = (
			);
			runOnlyForDeploymentPostprocessing = 0;
		};
/* End PBXFrameworksBuildPhase section */

/* Begin PBXGroup section */
		14E2E67E2531B27700FF9F49 = {
			isa = PBXGroup;
			children = (
				14E2E6892531B27700FF9F49 /* BCAMobileSwift-IOS14 */,
				14E2E6882531B27700FF9F49 /* Products */,
			);
			sourceTree = "<group>";
		};
		14E2E6882531B27700FF9F49 /* Products */ = {
			isa = PBXGroup;
			children = (
				14E2E6872531B27700FF9F49 /* BCAMobileSwift-IOS14.app */,
			);
			name = Products;
			sourceTree = "<group>";
		};
		14E2E6892531B27700FF9F49 /* BCAMobileSwift-IOS14 */ = {
			isa = PBXGroup;
			children = (
				14EF40FE253200B30026E575 /* View */,
				14EF40FD253200A50026E575 /* Controller */,
				14EF40F62531F4280026E575 /* Custom View */,
				14E2E6A32531B4CF00FF9F49 /* Model */,
				14E2E68A2531B27700FF9F49 /* AppDelegate.swift */,
				14E2E68C2531B27700FF9F49 /* SceneDelegate.swift */,
				14E2E6932531B27D00FF9F49 /* Assets.xcassets */,
				14E2E6982531B27D00FF9F49 /* Info.plist */,
			);
			path = "BCAMobileSwift-IOS14";
			sourceTree = "<group>";
		};
		14E2E6A32531B4CF00FF9F49 /* Model */ = {
			isa = PBXGroup;
			children = (
				14E2E6A52531B4ED00FF9F49 /* PropertiesModel.swift */,
				14E2E6AB2531C5DA00FF9F49 /* UserModel.swift */,
				14EF40F22531C9170026E575 /* DatabaseBrain.swift */,
			);
			path = Model;
			sourceTree = "<group>";
		};
		14EF40F62531F4280026E575 /* Custom View */ = {
			isa = PBXGroup;
			children = (
				14BE4DF625320F7D00405C78 /* Drawing.swift */,
				14EF40F82531F45D0026E575 /* ButtonTableViewCell.swift */,
				14EF40F92531F45D0026E575 /* ButtonTableViewCell.xib */,
				14BE4DF325320EF800405C78 /* CoolButton.swift */,
			);
			path = "Custom View";
			sourceTree = "<group>";
		};
		14EF40FD253200A50026E575 /* Controller */ = {
			isa = PBXGroup;
			children = (
				14E2E68E2531B27700FF9F49 /* LandingViewController.swift */,
				14EF40FF253200DD0026E575 /* HomeViewController.swift */,
				14BE4DFA2532D7D000405C78 /* MainTabBar.swift */,
				14BE4DFE2532E6F200405C78 /* MInfoViewController.swift */,
				14BE4E012532EBEF00405C78 /* MTransferViewController.swift */,
			);
			path = Controller;
			sourceTree = "<group>";
		};
		14EF40FE253200B30026E575 /* View */ = {
			isa = PBXGroup;
			children = (
				14E2E69F2531B2B400FF9F49 /* Main.storyboard */,
				14E2E6952531B27D00FF9F49 /* LaunchScreen.storyboard */,
			);
			path = View;
			sourceTree = "<group>";
		};
/* End PBXGroup section */

/* Begin PBXNativeTarget section */
		14E2E6862531B27700FF9F49 /* BCAMobileSwift-IOS14 */ = {
			isa = PBXNativeTarget;
			buildConfigurationList = 14E2E69B2531B27D00FF9F49 /* Build configuration list for PBXNativeTarget "BCAMobileSwift-IOS14" */;
			buildPhases = (
				14E2E6832531B27700FF9F49 /* Sources */,
				14E2E6842531B27700FF9F49 /* Frameworks */,
				14E2E6852531B27700FF9F49 /* Resources */,
			);
			buildRules = (
			);
			dependencies = (
			);
			name = "BCAMobileSwift-IOS14";
			productName = "BCAMobileSwift-IOS14";
			productReference = 14E2E6872531B27700FF9F49 /* BCAMobileSwift-IOS14.app */;
			productType = "com.apple.product-type.application";
		};
/* End PBXNativeTarget section */

/* Begin PBXProject section */
		14E2E67F2531B27700FF9F49 /* Project object */ = {
			isa = PBXProject;
			attributes = {
				LastSwiftUpdateCheck = 1200;
				LastUpgradeCheck = 1200;
				TargetAttributes = {
					14E2E6862531B27700FF9F49 = {
						CreatedOnToolsVersion = 12.0.1;
					};
				};
			};
			buildConfigurationList = 14E2E6822531B27700FF9F49 /* Build configuration list for PBXProject "BCAMobileSwift-IOS14" */;
			compatibilityVersion = "Xcode 9.3";
			developmentRegion = en;
			hasScannedForEncodings = 0;
			knownRegions = (
				en,
				Base,
			);
			mainGroup = 14E2E67E2531B27700FF9F49;
			productRefGroup = 14E2E6882531B27700FF9F49 /* Products */;
			projectDirPath = "";
			projectRoot = "";
			targets = (
				14E2E6862531B27700FF9F49 /* BCAMobileSwift-IOS14 */,
			);
		};
/* End PBXProject section */

/* Begin PBXResourcesBuildPhase section */
		14E2E6852531B27700FF9F49 /* Resources */ = {
			isa = PBXResourcesBuildPhase;
			buildActionMask = 2147483647;
			files = (
				14E2E6972531B27D00FF9F49 /* LaunchScreen.storyboard in Resources */,
				14E2E6942531B27D00FF9F49 /* Assets.xcassets in Resources */,
				14E2E6A02531B2B400FF9F49 /* Main.storyboard in Resources */,
				14EF40FB2531F45D0026E575 /* ButtonTableViewCell.xib in Resources */,
			);
			runOnlyForDeploymentPostprocessing = 0;
		};
/* End PBXResourcesBuildPhase section */

/* Begin PBXSourcesBuildPhase section */
		14E2E6832531B27700FF9F49 /* Sources */ = {
			isa = PBXSourcesBuildPhase;
			buildActionMask = 2147483647;
			files = (
				14BE4DFB2532D7D000405C78 /* MainTabBar.swift in Sources */,
				14EF40F32531C9170026E575 /* DatabaseBrain.swift in Sources */,
				14E2E68F2531B27700FF9F49 /* LandingViewController.swift in Sources */,
				14E2E68B2531B27700FF9F49 /* AppDelegate.swift in Sources */,
				14BE4DFF2532E6F200405C78 /* MInfoViewController.swift in Sources */,
				14EF4100253200DD0026E575 /* HomeViewController.swift in Sources */,
				14E2E6AC2531C5DA00FF9F49 /* UserModel.swift in Sources */,
				14BE4E022532EBEF00405C78 /* MTransferViewController.swift in Sources */,
				14BE4DF425320EF800405C78 /* CoolButton.swift in Sources */,
				14E2E6A62531B4ED00FF9F49 /* PropertiesModel.swift in Sources */,
				14EF40FA2531F45D0026E575 /* ButtonTableViewCell.swift in Sources */,
				14E2E68D2531B27700FF9F49 /* SceneDelegate.swift in Sources */,
				14BE4DF725320F7D00405C78 /* Drawing.swift in Sources */,
			);
			runOnlyForDeploymentPostprocessing = 0;
		};
/* End PBXSourcesBuildPhase section */

/* Begin PBXVariantGroup section */
		14E2E6952531B27D00FF9F49 /* LaunchScreen.storyboard */ = {
			isa = PBXVariantGroup;
			children = (
				14E2E6962531B27D00FF9F49 /* Base */,
			);
			name = LaunchScreen.storyboard;
			sourceTree = "<group>";
		};
/* End PBXVariantGroup section */

/* Begin XCBuildConfiguration section */
		14E2E6992531B27D00FF9F49 /* Debug */ = {
			isa = XCBuildConfiguration;
			buildSettings = {
				ALWAYS_SEARCH_USER_PATHS = NO;
				CLANG_ANALYZER_NONNULL = YES;
				CLANG_ANALYZER_NUMBER_OBJECT_CONVERSION = YES_AGGRESSIVE;
				CLANG_CXX_LANGUAGE_STANDARD = "gnu++14";
				CLANG_CXX_LIBRARY = "libc++";
				CLANG_ENABLE_MODULES = YES;
				CLANG_ENABLE_OBJC_ARC = YES;
				CLANG_ENABLE_OBJC_WEAK = YES;
				CLANG_WARN_BLOCK_CAPTURE_AUTORELEASING = YES;
				CLANG_WARN_BOOL_CONVERSION = YES;
				CLANG_WARN_COMMA = YES;
				CLANG_WARN_CONSTANT_CONVERSION = YES;
				CLANG_WARN_DEPRECATED_OBJC_IMPLEMENTATIONS = YES;
				CLANG_WARN_DIRECT_OBJC_ISA_USAGE = YES_ERROR;
				CLANG_WARN_DOCUMENTATION_COMMENTS = YES;
				CLANG_WARN_EMPTY_BODY = YES;
				CLANG_WARN_ENUM_CONVERSION = YES;
				CLANG_WARN_INFINITE_RECURSION = YES;
				CLANG_WARN_INT_CONVERSION = YES;
				CLANG_WARN_NON_LITERAL_NULL_CONVERSION = YES;
				CLANG_WARN_OBJC_IMPLICIT_RETAIN_SELF = YES;
				CLANG_WARN_OBJC_LITERAL_CONVERSION = YES;
				CLANG_WARN_OBJC_ROOT_CLASS = YES_ERROR;
				CLANG_WARN_QUOTED_INCLUDE_IN_FRAMEWORK_HEADER = YES;
				CLANG_WARN_RANGE_LOOP_ANALYSIS = YES;
				CLANG_WARN_STRICT_PROTOTYPES = YES;
				CLANG_WARN_SUSPICIOUS_MOVE = YES;
				CLANG_WARN_UNGUARDED_AVAILABILITY = YES_AGGRESSIVE;
				CLANG_WARN_UNREACHABLE_CODE = YES;
				CLANG_WARN__DUPLICATE_METHOD_MATCH = YES;
				COPY_PHASE_STRIP = NO;
				DEBUG_INFORMATION_FORMAT = dwarf;
				ENABLE_STRICT_OBJC_MSGSEND = YES;
				ENABLE_TESTABILITY = YES;
				GCC_C_LANGUAGE_STANDARD = gnu11;
				GCC_DYNAMIC_NO_PIC = NO;
				GCC_NO_COMMON_BLOCKS = YES;
				GCC_OPTIMIZATION_LEVEL = 0;
				GCC_PREPROCESSOR_DEFINITIONS = (
					"DEBUG=1",
					"$(inherited)",
				);
				GCC_WARN_64_TO_32_BIT_CONVERSION = YES;
				GCC_WARN_ABOUT_RETURN_TYPE = YES_ERROR;
				GCC_WARN_UNDECLARED_SELECTOR = YES;
				GCC_WARN_UNINITIALIZED_AUTOS = YES_AGGRESSIVE;
				GCC_WARN_UNUSED_FUNCTION = YES;
				GCC_WARN_UNUSED_VARIABLE = YES;
				IPHONEOS_DEPLOYMENT_TARGET = 14.0;
				MTL_ENABLE_DEBUG_INFO = INCLUDE_SOURCE;
				MTL_FAST_MATH = YES;
				ONLY_ACTIVE_ARCH = YES;
				SDKROOT = iphoneos;
				SWIFT_ACTIVE_COMPILATION_CONDITIONS = DEBUG;
				SWIFT_OPTIMIZATION_LEVEL = "-Onone";
			};
			name = Debug;
		};
		14E2E69A2531B27D00FF9F49 /* Release */ = {
			isa = XCBuildConfiguration;
			buildSettings = {
				ALWAYS_SEARCH_USER_PATHS = NO;
				CLANG_ANALYZER_NONNULL = YES;
				CLANG_ANALYZER_NUMBER_OBJECT_CONVERSION = YES_AGGRESSIVE;
				CLANG_CXX_LANGUAGE_STANDARD = "gnu++14";
				CLANG_CXX_LIBRARY = "libc++";
				CLANG_ENABLE_MODULES = YES;
				CLANG_ENABLE_OBJC_ARC = YES;
				CLANG_ENABLE_OBJC_WEAK = YES;
				CLANG_WARN_BLOCK_CAPTURE_AUTORELEASING = YES;
				CLANG_WARN_BOOL_CONVERSION = YES;
				CLANG_WARN_COMMA = YES;
				CLANG_WARN_CONSTANT_CONVERSION = YES;
				CLANG_WARN_DEPRECATED_OBJC_IMPLEMENTATIONS = YES;
				CLANG_WARN_DIRECT_OBJC_ISA_USAGE = YES_ERROR;
				CLANG_WARN_DOCUMENTATION_COMMENTS = YES;
				CLANG_WARN_EMPTY_BODY = YES;
				CLANG_WARN_ENUM_CONVERSION = YES;
				CLANG_WARN_INFINITE_RECURSION = YES;
				CLANG_WARN_INT_CONVERSION = YES;
				CLANG_WARN_NON_LITERAL_NULL_CONVERSION = YES;
				CLANG_WARN_OBJC_IMPLICIT_RETAIN_SELF = YES;
				CLANG_WARN_OBJC_LITERAL_CONVERSION = YES;
				CLANG_WARN_OBJC_ROOT_CLASS = YES_ERROR;
				CLANG_WARN_QUOTED_INCLUDE_IN_FRAMEWORK_HEADER = YES;
				CLANG_WARN_RANGE_LOOP_ANALYSIS = YES;
				CLANG_WARN_STRICT_PROTOTYPES = YES;
				CLANG_WARN_SUSPICIOUS_MOVE = YES;
				CLANG_WARN_UNGUARDED_AVAILABILITY = YES_AGGRESSIVE;
				CLANG_WARN_UNREACHABLE_CODE = YES;
				CLANG_WARN__DUPLICATE_METHOD_MATCH = YES;
				COPY_PHASE_STRIP = NO;
				DEBUG_INFORMATION_FORMAT = "dwarf-with-dsym";
				ENABLE_NS_ASSERTIONS = NO;
				ENABLE_STRICT_OBJC_MSGSEND = YES;
				GCC_C_LANGUAGE_STANDARD = gnu11;
				GCC_NO_COMMON_BLOCKS = YES;
				GCC_WARN_64_TO_32_BIT_CONVERSION = YES;
				GCC_WARN_ABOUT_RETURN_TYPE = YES_ERROR;
				GCC_WARN_UNDECLARED_SELECTOR = YES;
				GCC_WARN_UNINITIALIZED_AUTOS = YES_AGGRESSIVE;
				GCC_WARN_UNUSED_FUNCTION = YES;
				GCC_WARN_UNUSED_VARIABLE = YES;
				IPHONEOS_DEPLOYMENT_TARGET = 14.0;
				MTL_ENABLE_DEBUG_INFO = NO;
				MTL_FAST_MATH = YES;
				SDKROOT = iphoneos;
				SWIFT_COMPILATION_MODE = wholemodule;
				SWIFT_OPTIMIZATION_LEVEL = "-O";
				VALIDATE_PRODUCT = YES;
			};
			name = Release;
		};
		14E2E69C2531B27D00FF9F49 /* Debug */ = {
			isa = XCBuildConfiguration;
			buildSettings = {
				ASSETCATALOG_COMPILER_APPICON_NAME = AppIcon;
				ASSETCATALOG_COMPILER_GLOBAL_ACCENT_COLOR_NAME = AccentColor;
				CODE_SIGN_STYLE = Automatic;
				INFOPLIST_FILE = "BCAMobileSwift-IOS14/Info.plist";
				LD_RUNPATH_SEARCH_PATHS = (
					"$(inherited)",
					"@executable_path/Frameworks",
				);
				PRODUCT_BUNDLE_IDENTIFIER = "com.bca.jlius.BCAMobileSwift-IOS14";
				PRODUCT_NAME = "$(TARGET_NAME)";
				SWIFT_VERSION = 5.0;
				TARGETED_DEVICE_FAMILY = "1,2";
			};
			name = Debug;
		};
		14E2E69D2531B27D00FF9F49 /* Release */ = {
			isa = XCBuildConfiguration;
			buildSettings = {
				ASSETCATALOG_COMPILER_APPICON_NAME = AppIcon;
				ASSETCATALOG_COMPILER_GLOBAL_ACCENT_COLOR_NAME = AccentColor;
				CODE_SIGN_STYLE = Automatic;
				INFOPLIST_FILE = "BCAMobileSwift-IOS14/Info.plist";
				LD_RUNPATH_SEARCH_PATHS = (
					"$(inherited)",
					"@executable_path/Frameworks",
				);
				PRODUCT_BUNDLE_IDENTIFIER = "com.bca.jlius.BCAMobileSwift-IOS14";
				PRODUCT_NAME = "$(TARGET_NAME)";
				SWIFT_VERSION = 5.0;
				TARGETED_DEVICE_FAMILY = "1,2";
			};
			name = Release;
		};
/* End XCBuildConfiguration section */

/* Begin XCConfigurationList section */
		14E2E6822531B27700FF9F49 /* Build configuration list for PBXProject "BCAMobileSwift-IOS14" */ = {
			isa = XCConfigurationList;
			buildConfigurations = (
				14E2E6992531B27D00FF9F49 /* Debug */,
				14E2E69A2531B27D00FF9F49 /* Release */,
			);
			defaultConfigurationIsVisible = 0;
			defaultConfigurationName = Release;
		};
		14E2E69B2531B27D00FF9F49 /* Build configuration list for PBXNativeTarget "BCAMobileSwift-IOS14" */ = {
			isa = XCConfigurationList;
			buildConfigurations = (
				14E2E69C2531B27D00FF9F49 /* Debug */,
				14E2E69D2531B27D00FF9F49 /* Release */,
			);
			defaultConfigurationIsVisible = 0;
			defaultConfigurationName = Release;
		};
/* End XCConfigurationList section */
	};
	rootObject = 14E2E67F2531B27700FF9F49 /* Project object */;
}
